
Microsoft Visual Studio Solution File, Format Version 12.00
# Visual Studio Version 16
VisualStudioVersion = 16.0.30503.244
MinimumVisualStudioVersion = 10.0.40219.1
Project("{8BC9CEB8-8B4A-11D0-8D11-00A0C91BC942}") = "Lab.n3", "Lab.n3\Lab.n3.vcxproj", "{98F8603F-52C1-46DD-ADC4-D521CFF3B7C1}"
EndProject
Global
	GlobalSection(SolutionConfigurationPlatforms) = preSolution
		Debug|x64 = Debug|x64
		Debug|x86 = Debug|x86
		Release|x64 = Release|x64
		Release|x86 = Release|x86
	EndGlobalSection
	GlobalSection(ProjectConfigurationPlatforms) = postSolution
		{98F8603F-52C1-46DD-ADC4-D521CFF3B7C1}.Debug|x64.ActiveCfg = Debug|x64
		{98F8603F-52C1-46DD-ADC4-D521CFF3B7C1}.Debug|x64.Build.0 = Debug|x64
		{98F8603F-52C1-46DD-ADC4-D521CFF3B7C1}.Debug|x86.ActiveCfg = Debug|Win32
		{98F8603F-52C1-46DD-ADC4-D521CFF3B7C1}.Debug|x86.Build.0 = Debug|Win32
		{98F8603F-52C1-46DD-ADC4-D521CFF3B7C1}.Release|x64.ActiveCfg = Release|x64
		{98F8603F-52C1-46DD-ADC4-D521CFF3B7C1}.Release|x64.Build.0 = Release|x64
		{98F8603F-52C1-46DD-ADC4-D521CFF3B7C1}.Release|x86.ActiveCfg = Release|Win32
		{98F8603F-52C1-46DD-ADC4-D521CFF3B7C1}.Release|x86.Build.0 = Release|Win32
	EndGlobalSection
	GlobalSection(SolutionProperties) = preSolution
		HideSolutionNode = FALSE
	EndGlobalSection
	GlobalSection(ExtensibilityGlobals) = postSolution
		SolutionGuid = {5EEE7698-DA58-4AD4-8422-BE50EB127C2B}
	EndGlobalSection
EndGlobal
